{
    "_readme": [
        "This file locks the dependencies of your project to a known state",
        "Read more about it at http://getcomposer.org/doc/01-basic-usage.md#composer-lock-the-lock-file"
    ],
    "hash": "f74f4c01c18d7fb2a3ebca86cba72ccc",
    "packages": [
        {
            "name": "fkooman/php-cert-parser",
            "version": "0.1.4",
            "source": {
                "type": "git",
                "url": "https://github.com/fkooman/php-cert-parser.git",
                "reference": "932e119373904eba6457daa8420f4c5d48de8c38"
            },
            "dist": {
                "type": "zip",
                "url": "https://api.github.com/repos/fkooman/php-cert-parser/zipball/932e119373904eba6457daa8420f4c5d48de8c38",
                "reference": "932e119373904eba6457daa8420f4c5d48de8c38",
                "shasum": ""
            },
            "require": {
                "ext-openssl": "*",
                "php": ">=5.3.0"
            },
            "type": "library",
            "autoload": {
                "psr-0": {
                    "fkooman\\X509\\": "src/"
                }
            },
            "notification-url": "https://packagist.org/downloads/",
            "license": [
                "Apache-2.0"
            ],
            "authors": [
                {
                    "name": "François Kooman",
                    "email": "fkooman@tuxed.net",
                    "role": "Developer"
                }
            ],
            "description": "Simple OpenSSL based X.509 certificate parser",
            "time": "2013-07-07 10:17:43"
        }
    ],
    "packages-dev": [

    ],
    "aliases": [

    ],
    "minimum-stability": "stable",
    "stability-flags": [

    ],
    "platform": {
        "php": ">=5.3.3"
    },
    "platform-dev": [

    ]
}
